PODS:
  - Alamofire (5.8.1)
  - RxCocoa (6.6.0):
    - RxRelay (= 6.6.0)
    - RxSwift (= 6.6.0)
  - RxRelay (6.6.0):
    - RxSwift (= 6.6.0)
  - RxSwift (6.6.0)
  - SDWebImage (5.19.0):
    - SDWebImage/Core (= 5.19.0)
  - SDWebImage/Core (5.19.0)
  - SwiftLint (0.54.0)
  - Swinject (2.6.0)
  - SwinjectStoryboard (2.2.0):
    - Swinject (~> 2.6)

DEPENDENCIES:
  - Alamofire
  - RxCocoa
  - RxSwift
  - SDWebImage (~> 5.0)
  - SwiftLint
  - Swinject (= 2.6.0)
  - SwinjectStoryboard

SPEC REPOS:
  trunk:
    - Alamofire
    - RxCocoa
    - RxRelay
    - RxSwift
    - SDWebImage
    - SwiftLint
    - Swinject
    - SwinjectStoryboard

SPEC CHECKSUMS:
  Alamofire: 3ca42e259043ee0dc5c0cdd76c4bc568b8e42af7
  RxCocoa: 44a80de90e25b739b5aeaae3c8c371a32e3343cc
  RxRelay: 45eaa5db8ee4fb50e5ebd57deec0159e97fa51e6
  RxSwift: a4b44f7d24599f674deebd1818eab82e58410632
  SDWebImage: 981fd7e860af070920f249fd092420006014c3eb
  SwiftLint: c1de071d9d08c8aba837545f6254315bc900e211
  Swinject: 48a96cda93633cf2860697b4ce76ab5db9ebaca2
  SwinjectStoryboard: 32512ef16c2b0ff5b8f823b23539c4a50f6d3383

PODFILE CHECKSUM: 6ca79a4e01983ace23940cd3e08b86493f204dd8

COCOAPODS: 1.11.2
